
Microsoft Visual Studio Solution File, Format Version 12.00
# Visual Studio 15
VisualStudioVersion = 15.0.26730.10
MinimumVisualStudioVersion = 10.0.40219.1
Project("{FAE04EC0-301F-11D3-BF4B-00C04F79EFBC}") = "sum_Nummber", "sum_Nummber\sum_Nummber.csproj", "{109A5B58-B31D-4E93-9ED8-A63B04DC53DA}"
EndProject
Project("{FAE04EC0-301F-11D3-BF4B-00C04F79EFBC}") = "Multilication_table", "Multilication_table\Multilication_table.csproj", "{DD43BE36-CABB-4010-902A-A77F038F7D3D}"
EndProject
Project("{FAE04EC0-301F-11D3-BF4B-00C04F79EFBC}") = "prime_Number", "prime_Number\prime_Number.csproj", "{B3AF624E-AF2D-41F3-9E6F-A0EF9B77DCEA}"
EndProject
Global
	GlobalSection(SolutionConfigurationPlatforms) = preSolution
		Debug|Any CPU = Debug|Any CPU
		Release|Any CPU = Release|Any CPU
	EndGlobalSection
	GlobalSection(ProjectConfigurationPlatforms) = postSolution
		{109A5B58-B31D-4E93-9ED8-A63B04DC53DA}.Debug|Any CPU.ActiveCfg = Debug|Any CPU
		{109A5B58-B31D-4E93-9ED8-A63B04DC53DA}.Debug|Any CPU.Build.0 = Debug|Any CPU
		{109A5B58-B31D-4E93-9ED8-A63B04DC53DA}.Release|Any CPU.ActiveCfg = Release|Any CPU
		{109A5B58-B31D-4E93-9ED8-A63B04DC53DA}.Release|Any CPU.Build.0 = Release|Any CPU
		{DD43BE36-CABB-4010-902A-A77F038F7D3D}.Debug|Any CPU.ActiveCfg = Debug|Any CPU
		{DD43BE36-CABB-4010-902A-A77F038F7D3D}.Debug|Any CPU.Build.0 = Debug|Any CPU
		{DD43BE36-CABB-4010-902A-A77F038F7D3D}.Release|Any CPU.ActiveCfg = Release|Any CPU
		{DD43BE36-CABB-4010-902A-A77F038F7D3D}.Release|Any CPU.Build.0 = Release|Any CPU
		{B3AF624E-AF2D-41F3-9E6F-A0EF9B77DCEA}.Debug|Any CPU.ActiveCfg = Debug|Any CPU
		{B3AF624E-AF2D-41F3-9E6F-A0EF9B77DCEA}.Debug|Any CPU.Build.0 = Debug|Any CPU
		{B3AF624E-AF2D-41F3-9E6F-A0EF9B77DCEA}.Release|Any CPU.ActiveCfg = Release|Any CPU
		{B3AF624E-AF2D-41F3-9E6F-A0EF9B77DCEA}.Release|Any CPU.Build.0 = Release|Any CPU
	EndGlobalSection
	GlobalSection(SolutionProperties) = preSolution
		HideSolutionNode = FALSE
	EndGlobalSection
	GlobalSection(ExtensibilityGlobals) = postSolution
		SolutionGuid = {9A4BCD21-8C0B-4EEB-B2A0-BAF20E84624B}
	EndGlobalSection
EndGlobal
